{
  "name": "bun-test",
  "lockfileVersion": 3,
  "requires": true,
  "packages": {
    "": {
      "name": "bun-test",
      "dependencies": {
        "@types/figlet": "^1.5.8",
        "figlet": "^1.7.0"
      },
      "devDependencies": {
        "@types/bun": "1.4.0",
        "typescript": "5.9.3"
      }
    },
    "node_modules/@types/bun": {
      "version": "1.4.0",
      "resolved": "https://registry.npmjs.org/@types/bun/-/bun-1.4.0.tgz",
      "integrity": "sha512-K+lZULY23vRgK/CfTjFIV+tyifaNdSMlPh9j+6mQ/cLfpOznLyAuzgV/JQysyECpkBQLVMSyvjlr2fBUSA9wFQ==",
      "dev": true,
      "license": "MIT",
      "dependencies": {
        "bun-types": "1.4.0"
      }
    },
    "node_modules/@types/figlet": {
      "version": "1.7.0",
      "resolved": "https://registry.npmjs.org/@types/figlet/-/figlet-1.7.0.tgz",
      "integrity": "sha512-KwrT7p/8Eo3Op/HBSIwGXOsTZKYiM9NpWRBJ5sVjWP/SmlS+oxxRvJht/FNAtliJvja44N3ul1yATgohnVBV0Q==",
      "license": "MIT"
    },
    "node_modules/@types/node": {
      "version": "26.4.0",
      "resolved": "https://registry.npmjs.org/@types/node/-/node-26.4.0.tgz",
      "integrity": "sha512-faiGnoIrLH/V8cibOMEAZ8pMw6oXqSukl29ra4mN8GdaB2ZewzeaLj+INpV5N+Z1eKWzY+IzaIZH2EIR6YZRNQ==",
      "dev": true,
      "license": "MIT",
      "dependencies": {
        "undici-types": "~8.3.0"
      }
    },
    "node_modules/bun-types": {
      "version": "1.4.0",
      "resolved": "https://registry.npmjs.org/bun-types/-/bun-types-1.4.0.tgz",
      "integrity": "sha512-iIKw23BspnQQYd3prITOBxeUsxBHnwzX6YJfGMuNOZzeNcMmVqzIIVGRm1l69ogaPQmb4wB6BN8mA5bE9YuC5Q==",
      "dev": true,
      "license": "MIT",
      "dependencies": {
        "@types/node": "*"
      }
    },
    "node_modules/commander": {
      "version": "14.0.3",
      "resolved": "https://registry.npmjs.org/commander/-/commander-14.0.3.tgz",
      "integrity": "sha512-H+y0Jo/T1RZ9qPP4Eh1pkcQcLRglraJaSLoyOtHxu6AapkjWVCy2Sit1QQ4x3Dng8qDlSsZEet7g5Pq06MvTgw==",
      "license": "MIT",
      "engines": {
        "node": ">=20"
      }
    },
    "node_modules/figlet": {
      "version": "1.11.4",
      "resolved": "https://registry.npmjs.org/figlet/-/figlet-1.11.4.tgz",
      "integrity": "sha512-ZU41480OncL+NVLQrT0GVnbO0COL24sLSrzksioDgunmdJNYEUxhJJZ4Y3x1csN8XXqN5OcCZTLG8lKdquNyfQ==",
      "license": "MIT",
      "dependencies": {
        "commander": "^14.0.0"
      },
      "bin": {
        "figlet": "bin/index.js"
      },
      "engines": {
        "node": ">= 17.0.0"
      }
    },
    "node_modules/typescript": {
      "version": "5.9.3",
      "resolved": "https://registry.npmjs.org/typescript/-/typescript-5.9.3.tgz",
      "integrity": "sha512-jl1vZzPDinLr9eUt3J/t7V6FgNEw9QjvBPdysz9KfQDD41fQrC2Y4vKQdiaUpFT4bXlb1RHhLpp8wtm6M5TgSw==",
      "license": "Apache-2.0",
      "bin": {
        "tsc": "bin/tsc",
        "tsserver": "bin/tsserver"
      },
      "engines": {
        "node": ">=14.17"
      }
    },
    "node_modules/undici-types": {
      "version": "8.3.0",
      "resolved": "https://registry.npmjs.org/undici-types/-/undici-types-8.3.0.tgz",
      "integrity": "sha512-j375ScV60dom+YkPFIfTLcOiPxkN/buHz5GobjLhixFuANaNs3C9l4GmrWqejgXWJ7BbJcFYpTEUkS1Ge8bpZQ==",
      "dev": true,
      "license": "MIT"
    }
  }
}
