# This file is generated by running "yarn install" inside your project.
# Manual changes might be lost - proceed with caution!

__metadata:
  version: 6
  cacheKey: 8

"accepts@npm:~1.3.8":
  version: 1.3.8
  resolution: "accepts@npm:1.3.8"
  dependencies:
    mime-types: ~2.1.34
    negotiator: 0.6.3
  checksum: 50c43d32e7b50285ebe84b613ee4a3aa426715a7d131b65b786e2ead0fd76b6b60091b9916d3478a75f11f162628a2139991b6c03ab3f1d9ab7c86075dc8eab4
  languageName: node
  linkType: hard

"ansi-styles@npm:^6.1.0":
  version: 6.1.0
  resolution: "ansi-styles@npm:6.1.0"
  checksum: 7a7f8528c07a9d20c3a92bccd2b6bc3bb4d26e5cb775c02826921477377bd495d615d61f710d56216344b6238d1d11ef2b0348e146c5b128715578bfb3217229
  languageName: node
  linkType: hard

"array-flatten@npm:1.1.1":
  version: 1.1.1
  resolution: "array-flatten@npm:1.1.1"
  checksum: a9925bf3512d9dce202112965de90c222cd59a4fbfce68a0951d25d965cf44642931f40aac72309c41f12df19afa010ecadceb07cfff9ccc1621e99d89ab5f3b
  languageName: node
  linkType: hard

"async-function@npm:^1.0.0":
  version: 1.0.0
  resolution: "async-function@npm:1.0.0"
  checksum: 9102e246d1ed9b37ac36f57f0a6ca55226876553251a31fc80677e71471f463a54c872dc78d5d7f80740c8ba624395cccbe8b60f7b690c4418f487d8e9fd1106
  languageName: node
  linkType: hard

"async-generator-function@npm:^1.0.0":
  version: 1.0.0
  resolution: "async-generator-function@npm:1.0.0"
  checksum: 74a71a4a2dd7afd06ebb612f6d612c7f4766a351bedffde466023bf6dae629e46b0d2cd38786239e0fbf245de0c7df76035465e16d1213774a0efb22fec0d713
  languageName: node
  linkType: hard

"body-parser@npm:~1.20.5":
  version: 1.20.6
  resolution: "body-parser@npm:1.20.6"
  dependencies:
    bytes: ~3.1.2
    content-type: ~1.0.5
    debug: 2.6.9
    depd: 2.0.0
    destroy: ~1.2.0
    http-errors: ~2.0.1
    iconv-lite: ~0.4.24
    on-finished: ~2.4.1
    qs: ~6.15.1
    raw-body: ~2.5.3
    type-is: ~1.6.18
    unpipe: ~1.0.0
  checksum: 9201c4c65362a7b81dd2dde6c006251905a62e5d56abacfc50f8cac2f91f27222c29e28a68325a4fa1b34dbd95c79ea1b725a15be45eab604bd2645f209f7ace
  languageName: node
  linkType: hard

"bytes@npm:~3.1.2":
  version: 3.1.2
  resolution: "bytes@npm:3.1.2"
  checksum: e4bcd3948d289c5127591fbedf10c0b639ccbf00243504e4e127374a15c3bc8eed0d28d4aaab08ff6f1cf2abc0cce6ba3085ed32f4f90e82a5683ce0014e1b6e
  languageName: node
  linkType: hard

"call-bind-apply-helpers@npm:^1.0.1, call-bind-apply-helpers@npm:^1.0.2":
  version: 1.0.2
  resolution: "call-bind-apply-helpers@npm:1.0.2"
  dependencies:
    es-errors: ^1.3.0
    function-bind: ^1.1.2
  checksum: b2863d74fcf2a6948221f65d95b91b4b2d90cfe8927650b506141e669f7d5de65cea191bf788838bc40d13846b7886c5bc5c84ab96c3adbcf88ad69a72fcdc6b
  languageName: node
  linkType: hard

"call-bound@npm:^1.0.2":
  version: 1.0.4
  resolution: "call-bound@npm:1.0.4"
  dependencies:
    call-bind-apply-helpers: ^1.0.2
    get-intrinsic: ^1.3.0
  checksum: 2f6399488d1c272f56306ca60ff696575e2b7f31daf23bc11574798c84d9f2759dceb0cb1f471a85b77f28962a7ac6411f51d283ea2e45319009a19b6ccab3b2
  languageName: node
  linkType: hard

"chalk@https://github.com/wapj/chalk":
  version: 5.0.0
  resolution: "chalk@https://github.com/wapj/chalk.git#commit=1eae5be2b9a0db207301bbba3591bd810755f15d"
  dependencies:
    ansi-styles: ^6.1.0
    supports-color: ^9.2.1
  checksum: 5804e5429afca448fcb13fae0f953b92a8c505b31c82c4d92a740f9d36fd7d83bbbf5633b7619b6fa1e8537015fadbdbc1df6885428b5733372881537ef792fd
  languageName: node
  linkType: hard

"content-disposition@npm:~0.5.4":
  version: 0.5.4
  resolution: "content-disposition@npm:0.5.4"
  dependencies:
    safe-buffer: 5.2.1
  checksum: afb9d545e296a5171d7574fcad634b2fdf698875f4006a9dd04a3e1333880c5c0c98d47b560d01216fb6505a54a2ba6a843ee3a02ec86d7e911e8315255f56c3
  languageName: node
  linkType: hard

"content-type@npm:~1.0.4, content-type@npm:~1.0.5":
  version: 1.0.5
  resolution: "content-type@npm:1.0.5"
  checksum: 566271e0a251642254cde0f845f9dd4f9856e52d988f4eb0d0dcffbb7a1f8ec98de7a5215fc628f3bce30fe2fb6fd2bc064b562d721658c59b544e2d34ea2766
  languageName: node
  linkType: hard

"cookie-signature@npm:~1.0.6":
  version: 1.0.7
  resolution: "cookie-signature@npm:1.0.7"
  checksum: 1a62808cd30d15fb43b70e19829b64d04b0802d8ef00275b57d152de4ae6a3208ca05c197b6668d104c4d9de389e53ccc2d3bc6bcaaffd9602461417d8c40710
  languageName: node
  linkType: hard

"cookie@npm:~0.7.1":
  version: 0.7.2
  resolution: "cookie@npm:0.7.2"
  checksum: 9bf8555e33530affd571ea37b615ccad9b9a34febbf2c950c86787088eb00a8973690833b0f8ebd6b69b753c62669ea60cec89178c1fb007bf0749abed74f93e
  languageName: node
  linkType: hard

"debug@npm:2.6.9":
  version: 2.6.9
  resolution: "debug@npm:2.6.9"
  dependencies:
    ms: 2.0.0
  checksum: d2f51589ca66df60bf36e1fa6e4386b318c3f1e06772280eea5b1ae9fd3d05e9c2b7fd8a7d862457d00853c75b00451aa2d7459b924629ee385287a650f58fe6
  languageName: node
  linkType: hard

"depd@npm:2.0.0, depd@npm:~2.0.0":
  version: 2.0.0
  resolution: "depd@npm:2.0.0"
  checksum: abbe19c768c97ee2eed6282d8ce3031126662252c58d711f646921c9623f9052e3e1906443066beec1095832f534e57c523b7333f8e7e0d93051ab6baef5ab3a
  languageName: node
  linkType: hard

"destroy@npm:1.2.0, destroy@npm:~1.2.0":
  version: 1.2.0
  resolution: "destroy@npm:1.2.0"
  checksum: 0acb300b7478a08b92d810ab229d5afe0d2f4399272045ab22affa0d99dbaf12637659411530a6fcd597a9bdac718fc94373a61a95b4651bbc7b83684a565e38
  languageName: node
  linkType: hard

"dunder-proto@npm:^1.0.1":
  version: 1.0.1
  resolution: "dunder-proto@npm:1.0.1"
  dependencies:
    call-bind-apply-helpers: ^1.0.1
    es-errors: ^1.3.0
    gopd: ^1.2.0
  checksum: 149207e36f07bd4941921b0ca929e3a28f1da7bd6b6ff8ff7f4e2f2e460675af4576eeba359c635723dc189b64cdd4787e0255897d5b135ccc5d15cb8685fc90
  languageName: node
  linkType: hard

"ee-first@npm:1.1.1":
  version: 1.1.1
  resolution: "ee-first@npm:1.1.1"
  checksum: 1b4cac778d64ce3b582a7e26b218afe07e207a0f9bfe13cc7395a6d307849cfe361e65033c3251e00c27dd060cab43014c2d6b2647676135e18b77d2d05b3f4f
  languageName: node
  linkType: hard

"encodeurl@npm:~2.0.0":
  version: 2.0.0
  resolution: "encodeurl@npm:2.0.0"
  checksum: abf5cd51b78082cf8af7be6785813c33b6df2068ce5191a40ca8b1afe6a86f9230af9a9ce694a5ce4665955e5c1120871826df9c128a642e09c58d592e2807fe
  languageName: node
  linkType: hard

"es-define-property@npm:^1.0.1":
  version: 1.0.1
  resolution: "es-define-property@npm:1.0.1"
  checksum: 0512f4e5d564021c9e3a644437b0155af2679d10d80f21adaf868e64d30efdfbd321631956f20f42d655fedb2e3a027da479fad3fa6048f768eb453a80a5f80a
  languageName: node
  linkType: hard

"es-errors@npm:^1.3.0":
  version: 1.3.0
  resolution: "es-errors@npm:1.3.0"
  checksum: ec1414527a0ccacd7f15f4a3bc66e215f04f595ba23ca75cdae0927af099b5ec865f9f4d33e9d7e86f512f252876ac77d4281a7871531a50678132429b1271b5
  languageName: node
  linkType: hard

"es-object-atoms@npm:^1.0.0, es-object-atoms@npm:^1.1.1":
  version: 1.1.2
  resolution: "es-object-atoms@npm:1.1.2"
  dependencies:
    es-errors: ^1.3.0
  checksum: b821f39e4f48bd85b13fee80aea9068a674bcb78b95ff01267aa4da1111f83e6944049b3329b2ffdb3acaa266fb5b8b885476fe8cada05034dc7c87c8016c86d
  languageName: node
  linkType: hard

"escape-html@npm:~1.0.3":
  version: 1.0.3
  resolution: "escape-html@npm:1.0.3"
  checksum: 6213ca9ae00d0ab8bccb6d8d4e0a98e76237b2410302cf7df70aaa6591d509a2a37ce8998008cbecae8fc8ffaadf3fb0229535e6a145f3ce0b211d060decbb24
  languageName: node
  linkType: hard

"etag@npm:~1.8.1":
  version: 1.8.1
  resolution: "etag@npm:1.8.1"
  checksum: 571aeb3dbe0f2bbd4e4fadbdb44f325fc75335cd5f6f6b6a091e6a06a9f25ed5392f0863c5442acb0646787446e816f13cbfc6edce5b07658541dff573cab1ff
  languageName: node
  linkType: hard

"express@npm:^4.17.2":
  version: 4.22.2
  resolution: "express@npm:4.22.2"
  dependencies:
    accepts: ~1.3.8
    array-flatten: 1.1.1
    body-parser: ~1.20.5
    content-disposition: ~0.5.4
    content-type: ~1.0.4
    cookie: ~0.7.1
    cookie-signature: ~1.0.6
    debug: 2.6.9
    depd: 2.0.0
    encodeurl: ~2.0.0
    escape-html: ~1.0.3
    etag: ~1.8.1
    finalhandler: ~1.3.1
    fresh: ~0.5.2
    http-errors: ~2.0.0
    merge-descriptors: 1.0.3
    methods: ~1.1.2
    on-finished: ~2.4.1
    parseurl: ~1.3.3
    path-to-regexp: ~0.1.12
    proxy-addr: ~2.0.7
    qs: ~6.15.1
    range-parser: ~1.2.1
    safe-buffer: 5.2.1
    send: ~0.19.0
    serve-static: ~1.16.2
    setprototypeof: 1.2.0
    statuses: ~2.0.1
    type-is: ~1.6.18
    utils-merge: 1.0.1
    vary: ~1.1.2
  checksum: e93b51284cc2f0b37c41ab3666ccdf71de5adf45fa5701116402fa9c43eb97665712b0bc5fbf6b25b1aef733fb28625b95a43a5d9dedeef89eddb1b04ad2b203
  languageName: node
  linkType: hard

"finalhandler@npm:~1.3.1":
  version: 1.3.2
  resolution: "finalhandler@npm:1.3.2"
  dependencies:
    debug: 2.6.9
    encodeurl: ~2.0.0
    escape-html: ~1.0.3
    on-finished: ~2.4.1
    parseurl: ~1.3.3
    statuses: ~2.0.2
    unpipe: ~1.0.0
  checksum: 4bce6b3e1f6998497a8ef8418bc307ef09daee05acc5a69a36da665565cbeb86218de1932e42dbf2eebf18f580053d2061eddbdeff9e312de45d46fbf4dd36ec
  languageName: node
  linkType: hard

"forwarded@npm:0.2.0":
  version: 0.2.0
  resolution: "forwarded@npm:0.2.0"
  checksum: fd27e2394d8887ebd16a66ffc889dc983fbbd797d5d3f01087c020283c0f019a7d05ee85669383d8e0d216b116d720fc0cef2f6e9b7eb9f4c90c6e0bc7fd28e6
  languageName: node
  linkType: hard

"fresh@npm:~0.5.2":
  version: 0.5.2
  resolution: "fresh@npm:0.5.2"
  checksum: 13ea8b08f91e669a64e3ba3a20eb79d7ca5379a81f1ff7f4310d54e2320645503cc0c78daedc93dfb6191287295f6479544a649c64d8e41a1c0fb0c221552346
  languageName: node
  linkType: hard

"function-bind@npm:^1.1.2":
  version: 1.1.2
  resolution: "function-bind@npm:1.1.2"
  checksum: 2b0ff4ce708d99715ad14a6d1f894e2a83242e4a52ccfcefaee5e40050562e5f6dafc1adbb4ce2d4ab47279a45dc736ab91ea5042d843c3c092820dfe032efb1
  languageName: node
  linkType: hard

"generator-function@npm:^2.0.0":
  version: 2.0.1
  resolution: "generator-function@npm:2.0.1"
  checksum: 3bf87f7b0230de5d74529677e6c3ceb3b7b5d9618b5a22d92b45ce3876defbaf5a77791b25a61b0fa7d13f95675b5ff67a7769f3b9af33f096e34653519e873d
  languageName: node
  linkType: hard

"get-intrinsic@npm:^1.2.5, get-intrinsic@npm:^1.3.0":
  version: 1.3.1
  resolution: "get-intrinsic@npm:1.3.1"
  dependencies:
    async-function: ^1.0.0
    async-generator-function: ^1.0.0
    call-bind-apply-helpers: ^1.0.2
    es-define-property: ^1.0.1
    es-errors: ^1.3.0
    es-object-atoms: ^1.1.1
    function-bind: ^1.1.2
    generator-function: ^2.0.0
    get-proto: ^1.0.1
    gopd: ^1.2.0
    has-symbols: ^1.1.0
    hasown: ^2.0.2
    math-intrinsics: ^1.1.0
  checksum: c02b3b6a445f9cd53e14896303794ac60f9751f58a69099127248abdb0251957174c6524245fc68579dc8e6a35161d3d94c93e665f808274716f4248b269436a
  languageName: node
  linkType: hard

"get-proto@npm:^1.0.1":
  version: 1.0.1
  resolution: "get-proto@npm:1.0.1"
  dependencies:
    dunder-proto: ^1.0.1
    es-object-atoms: ^1.0.0
  checksum: 4fc96afdb58ced9a67558698b91433e6b037aaa6f1493af77498d7c85b141382cf223c0e5946f334fb328ee85dfe6edd06d218eaf09556f4bc4ec6005d7f5f7b
  languageName: node
  linkType: hard

"gopd@npm:^1.2.0":
  version: 1.2.0
  resolution: "gopd@npm:1.2.0"
  checksum: cc6d8e655e360955bdccaca51a12a474268f95bb793fc3e1f2bdadb075f28bfd1fd988dab872daf77a61d78cbaf13744bc8727a17cfb1d150d76047d805375f3
  languageName: node
  linkType: hard

"has-symbols@npm:^1.1.0":
  version: 1.1.0
  resolution: "has-symbols@npm:1.1.0"
  checksum: b2316c7302a0e8ba3aaba215f834e96c22c86f192e7310bdf689dd0e6999510c89b00fbc5742571507cebf25764d68c988b3a0da217369a73596191ac0ce694b
  languageName: node
  linkType: hard

"hasown@npm:^2.0.2":
  version: 2.0.4
  resolution: "hasown@npm:2.0.4"
  dependencies:
    function-bind: ^1.1.2
  checksum: 4bd8f916b629e06324853593ffbdd45e200022952a85ad0c967f3bd4c2e4c7e1f9a9766fbe6186f60bd394e0afc73e719730caa1da15cd9bd832b7cdf53fd26c
  languageName: node
  linkType: hard

"http-errors@npm:~2.0.0, http-errors@npm:~2.0.1":
  version: 2.0.1
  resolution: "http-errors@npm:2.0.1"
  dependencies:
    depd: ~2.0.0
    inherits: ~2.0.4
    setprototypeof: ~1.2.0
    statuses: ~2.0.2
    toidentifier: ~1.0.1
  checksum: 155d1a100a06e4964597013109590b97540a177b69c3600bbc93efc746465a99a2b718f43cdf76b3791af994bbe3a5711002046bf668cdc007ea44cea6df7ccd
  languageName: node
  linkType: hard

"iconv-lite@npm:~0.4.24":
  version: 0.4.24
  resolution: "iconv-lite@npm:0.4.24"
  dependencies:
    safer-buffer: ">= 2.1.2 < 3"
  checksum: bd9f120f5a5b306f0bc0b9ae1edeb1577161503f5f8252a20f1a9e56ef8775c9959fd01c55f2d3a39d9a8abaf3e30c1abeb1895f367dcbbe0a8fd1c9ca01c4f6
  languageName: node
  linkType: hard

"inherits@npm:~2.0.4":
  version: 2.0.4
  resolution: "inherits@npm:2.0.4"
  checksum: 4a48a733847879d6cf6691860a6b1e3f0f4754176e4d71494c41f3475553768b10f84b5ce1d40fbd0e34e6bfbb864ee35858ad4dd2cf31e02fc4a154b724d7f1
  languageName: node
  linkType: hard

"ipaddr.js@npm:1.9.1":
  version: 1.9.1
  resolution: "ipaddr.js@npm:1.9.1"
  checksum: f88d3825981486f5a1942414c8d77dd6674dd71c065adcfa46f578d677edcb99fda25af42675cb59db492fdf427b34a5abfcde3982da11a8fd83a500b41cfe77
  languageName: node
  linkType: hard

"math-intrinsics@npm:^1.1.0":
  version: 1.1.0
  resolution: "math-intrinsics@npm:1.1.0"
  checksum: 0e513b29d120f478c85a70f49da0b8b19bc638975eca466f2eeae0071f3ad00454c621bf66e16dd435896c208e719fc91ad79bbfba4e400fe0b372e7c1c9c9a2
  languageName: node
  linkType: hard

"media-typer@npm:0.3.0":
  version: 0.3.0
  resolution: "media-typer@npm:0.3.0"
  checksum: af1b38516c28ec95d6b0826f6c8f276c58aec391f76be42aa07646b4e39d317723e869700933ca6995b056db4b09a78c92d5440dc23657e6764be5d28874bba1
  languageName: node
  linkType: hard

"merge-descriptors@npm:1.0.3":
  version: 1.0.3
  resolution: "merge-descriptors@npm:1.0.3"
  checksum: 52117adbe0313d5defa771c9993fe081e2d2df9b840597e966aadafde04ae8d0e3da46bac7ca4efc37d4d2b839436582659cd49c6a43eacb3fe3050896a105d1
  languageName: node
  linkType: hard

"methods@npm:~1.1.2":
  version: 1.1.2
  resolution: "methods@npm:1.1.2"
  checksum: 0917ff4041fa8e2f2fda5425a955fe16ca411591fbd123c0d722fcf02b73971ed6f764d85f0a6f547ce49ee0221ce2c19a5fa692157931cecb422984f1dcd13a
  languageName: node
  linkType: hard

"mime-db@npm:1.52.0":
  version: 1.52.0
  resolution: "mime-db@npm:1.52.0"
  checksum: 0d99a03585f8b39d68182803b12ac601d9c01abfa28ec56204fa330bc9f3d1c5e14beb049bafadb3dbdf646dfb94b87e24d4ec7b31b7279ef906a8ea9b6a513f
  languageName: node
  linkType: hard

"mime-types@npm:~2.1.24, mime-types@npm:~2.1.34":
  version: 2.1.35
  resolution: "mime-types@npm:2.1.35"
  dependencies:
    mime-db: 1.52.0
  checksum: 89a5b7f1def9f3af5dad6496c5ed50191ae4331cc5389d7c521c8ad28d5fdad2d06fd81baf38fed813dc4e46bb55c8145bb0ff406330818c9cf712fb2e9b3836
  languageName: node
  linkType: hard

"mime@npm:1.6.0":
  version: 1.6.0
  resolution: "mime@npm:1.6.0"
  bin:
    mime: cli.js
  checksum: fef25e39263e6d207580bdc629f8872a3f9772c923c7f8c7e793175cee22777bbe8bba95e5d509a40aaa292d8974514ce634ae35769faa45f22d17edda5e8557
  languageName: node
  linkType: hard

"ms@npm:2.0.0":
  version: 2.0.0
  resolution: "ms@npm:2.0.0"
  checksum: 0e6a22b8b746d2e0b65a430519934fefd41b6db0682e3477c10f60c76e947c4c0ad06f63ffdf1d78d335f83edee8c0aa928aa66a36c7cd95b69b26f468d527f4
  languageName: node
  linkType: hard

"ms@npm:2.1.3":
  version: 2.1.3
  resolution: "ms@npm:2.1.3"
  checksum: aa92de608021b242401676e35cfa5aa42dd70cbdc082b916da7fb925c542173e36bce97ea3e804923fe92c0ad991434e4a38327e15a1b5b5f945d66df615ae6d
  languageName: node
  linkType: hard

"negotiator@npm:0.6.3":
  version: 0.6.3
  resolution: "negotiator@npm:0.6.3"
  checksum: b8ffeb1e262eff7968fc90a2b6767b04cfd9842582a9d0ece0af7049537266e7b2506dfb1d107a32f06dd849ab2aea834d5830f7f4d0e5cb7d36e1ae55d021d9
  languageName: node
  linkType: hard

"object-inspect@npm:^1.13.3, object-inspect@npm:^1.13.4":
  version: 1.13.4
  resolution: "object-inspect@npm:1.13.4"
  checksum: 582810c6a8d2ef988ea0a39e69e115a138dad8f42dd445383b394877e5816eb4268489f316a6f74ee9c4e0a984b3eab1028e3e79d62b1ed67c726661d55c7a8b
  languageName: node
  linkType: hard

"on-finished@npm:~2.4.1":
  version: 2.4.1
  resolution: "on-finished@npm:2.4.1"
  dependencies:
    ee-first: 1.1.1
  checksum: d20929a25e7f0bb62f937a425b5edeb4e4cde0540d77ba146ec9357f00b0d497cdb3b9b05b9c8e46222407d1548d08166bff69cc56dfa55ba0e4469228920ff0
  languageName: node
  linkType: hard

"parseurl@npm:~1.3.3":
  version: 1.3.3
  resolution: "parseurl@npm:1.3.3"
  checksum: 407cee8e0a3a4c5cd472559bca8b6a45b82c124e9a4703302326e9ab60fc1081442ada4e02628efef1eb16197ddc7f8822f5a91fd7d7c86b51f530aedb17dfa2
  languageName: node
  linkType: hard

"path-to-regexp@npm:~0.1.12":
  version: 0.1.13
  resolution: "path-to-regexp@npm:0.1.13"
  checksum: 0bf61c6068a0d92dbd3c2f4b24a9b8f153be2d8ec13c99bb7a45f31e5f7e153b91811e63b895ac9e0942ae16890ee15526e842f6f1b4920aa01335f94f6ce58e
  languageName: node
  linkType: hard

"proxy-addr@npm:~2.0.7":
  version: 2.0.7
  resolution: "proxy-addr@npm:2.0.7"
  dependencies:
    forwarded: 0.2.0
    ipaddr.js: 1.9.1
  checksum: 29c6990ce9364648255454842f06f8c46fcd124d3e6d7c5066df44662de63cdc0bad032e9bf5a3d653ff72141cc7b6019873d685708ac8210c30458ad99f2b74
  languageName: node
  linkType: hard

"qs@npm:~6.15.1":
  version: 6.15.3
  resolution: "qs@npm:6.15.3"
  dependencies:
    es-define-property: ^1.0.1
    side-channel: ^1.1.1
  checksum: b59a0f20498f323d1f990f1fad3b808ee328f96c3c45575beeb0d51ec27dc0ed3422d9e9308a7c09f6000cb914b95dfb6eb7cca8636bc4d1befdc2a10cf59d2b
  languageName: node
  linkType: hard

"range-parser@npm:~1.2.1":
  version: 1.2.1
  resolution: "range-parser@npm:1.2.1"
  checksum: 0a268d4fea508661cf5743dfe3d5f47ce214fd6b7dec1de0da4d669dd4ef3d2144468ebe4179049eff253d9d27e719c88dae55be64f954e80135a0cada804ec9
  languageName: node
  linkType: hard

"raw-body@npm:~2.5.3":
  version: 2.5.3
  resolution: "raw-body@npm:2.5.3"
  dependencies:
    bytes: ~3.1.2
    http-errors: ~2.0.1
    iconv-lite: ~0.4.24
    unpipe: ~1.0.0
  checksum: 16aa51e504318ebeef7f84a4d884c0f273cb0b7f3f14ea88788f92f5f488870617c97d4f886e84f119f21a2d6cdda3c4554821f8b18ed6be0d731ecb5a063d2a
  languageName: node
  linkType: hard

"safe-buffer@npm:5.2.1":
  version: 5.2.1
  resolution: "safe-buffer@npm:5.2.1"
  checksum: b99c4b41fdd67a6aaf280fcd05e9ffb0813654894223afb78a31f14a19ad220bba8aba1cb14eddce1fcfb037155fe6de4e861784eb434f7d11ed58d1e70dd491
  languageName: node
  linkType: hard

"safer-buffer@npm:>= 2.1.2 < 3":
  version: 2.1.2
  resolution: "safer-buffer@npm:2.1.2"
  checksum: cab8f25ae6f1434abee8d80023d7e72b598cf1327164ddab31003c51215526801e40b66c5e65d658a0af1e9d6478cadcb4c745f4bd6751f97d8644786c0978b0
  languageName: node
  linkType: hard

"send@npm:~0.19.0, send@npm:~0.19.1":
  version: 0.19.2
  resolution: "send@npm:0.19.2"
  dependencies:
    debug: 2.6.9
    depd: 2.0.0
    destroy: 1.2.0
    encodeurl: ~2.0.0
    escape-html: ~1.0.3
    etag: ~1.8.1
    fresh: ~0.5.2
    http-errors: ~2.0.1
    mime: 1.6.0
    ms: 2.1.3
    on-finished: ~2.4.1
    range-parser: ~1.2.1
    statuses: ~2.0.2
  checksum: f9e11b718b48dbea72daa6a80e36e5a00fb6d01b1a6cfda8b3135c9ca9db84257738283da23371f437148ccd8f400e6171cd2a3642fb43fda462da407d9d30c0
  languageName: node
  linkType: hard

"serve-static@npm:~1.16.2":
  version: 1.16.3
  resolution: "serve-static@npm:1.16.3"
  dependencies:
    encodeurl: ~2.0.0
    escape-html: ~1.0.3
    parseurl: ~1.3.3
    send: ~0.19.1
  checksum: ec7599540215e6676b223ea768bf7c256819180bf14f89d0b5d249a61bbb8f10b05b2a53048a153cb2cc7f3b367f1227d2fb715fe4b09d07299a9233eda1a453
  languageName: node
  linkType: hard

"setprototypeof@npm:1.2.0, setprototypeof@npm:~1.2.0":
  version: 1.2.0
  resolution: "setprototypeof@npm:1.2.0"
  checksum: be18cbbf70e7d8097c97f713a2e76edf84e87299b40d085c6bf8b65314e994cc15e2e317727342fa6996e38e1f52c59720b53fe621e2eb593a6847bf0356db89
  languageName: node
  linkType: hard

"side-channel-list@npm:^1.0.1":
  version: 1.0.1
  resolution: "side-channel-list@npm:1.0.1"
  dependencies:
    es-errors: ^1.3.0
    object-inspect: ^1.13.4
  checksum: 3499671cd52adaee739eac1e14d07530b8e3530192741aeb05e7fe4ad1b51d1368ceea2cd3c21b0f62b05410a5c70a7c4d997ba4b143303ef73d0c65dfd1c252
  languageName: node
  linkType: hard

"side-channel-map@npm:^1.0.1":
  version: 1.0.1
  resolution: "side-channel-map@npm:1.0.1"
  dependencies:
    call-bound: ^1.0.2
    es-errors: ^1.3.0
    get-intrinsic: ^1.2.5
    object-inspect: ^1.13.3
  checksum: 42501371cdf71f4ccbbc9c9e2eb00aaaab80a4c1c429d5e8da713fd4d39ef3b8d4a4b37ed4f275798a65260a551a7131fd87fe67e922dba4ac18586d6aab8b06
  languageName: node
  linkType: hard

"side-channel-weakmap@npm:^1.0.2":
  version: 1.0.2
  resolution: "side-channel-weakmap@npm:1.0.2"
  dependencies:
    call-bound: ^1.0.2
    es-errors: ^1.3.0
    get-intrinsic: ^1.2.5
    object-inspect: ^1.13.3
    side-channel-map: ^1.0.1
  checksum: a815c89bc78c5723c714ea1a77c938377ea710af20d4fb886d362b0d1f8ac73a17816a5f6640f354017d7e292a43da9c5e876c22145bac00b76cfb3468001736
  languageName: node
  linkType: hard

"side-channel@npm:^1.1.1":
  version: 1.1.1
  resolution: "side-channel@npm:1.1.1"
  dependencies:
    es-errors: ^1.3.0
    object-inspect: ^1.13.4
    side-channel-list: ^1.0.1
    side-channel-map: ^1.0.1
    side-channel-weakmap: ^1.0.2
  checksum: e0f217140c463636ee556260bbc8f47ba2931f1248826f58e1502704135814c763b325dd9ab122a04176aa45b4a4f8cc556415bcab7a0179d85250fb7812f063
  languageName: node
  linkType: hard

"statuses@npm:~2.0.1, statuses@npm:~2.0.2":
  version: 2.0.2
  resolution: "statuses@npm:2.0.2"
  checksum: 6927feb50c2a75b2a4caab2c565491f7a93ad3d8dbad7b1398d52359e9243a20e2ebe35e33726dee945125ef7a515e9097d8a1b910ba2bbd818265a2f6c39879
  languageName: node
  linkType: hard

"supports-color@npm:^9.2.1":
  version: 9.2.1
  resolution: "supports-color@npm:9.2.1"
  checksum: 8a2bfeb64c1512d21a1a998c1f64acdaa85cf1f6a101627286548f19785524b329d7b28d567a28fc2d708fc7aba32f4c82a9b224f76b30a337a39d3e53418ff7
  languageName: node
  linkType: hard

"test-yarn@workspace:.":
  version: 0.0.0-use.local
  resolution: "test-yarn@workspace:."
  dependencies:
    chalk: "https://github.com/wapj/chalk"
    express: ^4.17.2
  languageName: unknown
  linkType: soft

"toidentifier@npm:~1.0.1":
  version: 1.0.1
  resolution: "toidentifier@npm:1.0.1"
  checksum: 952c29e2a85d7123239b5cfdd889a0dde47ab0497f0913d70588f19c53f7e0b5327c95f4651e413c74b785147f9637b17410ac8c846d5d4a20a5a33eb6dc3a45
  languageName: node
  linkType: hard

"type-is@npm:~1.6.18":
  version: 1.6.18
  resolution: "type-is@npm:1.6.18"
  dependencies:
    media-typer: 0.3.0
    mime-types: ~2.1.24
  checksum: 2c8e47675d55f8b4e404bcf529abdf5036c537a04c2b20177bcf78c9e3c1da69da3942b1346e6edb09e823228c0ee656ef0e033765ec39a70d496ef601a0c657
  languageName: node
  linkType: hard

"unpipe@npm:~1.0.0":
  version: 1.0.0
  resolution: "unpipe@npm:1.0.0"
  checksum: 4fa18d8d8d977c55cb09715385c203197105e10a6d220087ec819f50cb68870f02942244f1017565484237f1f8c5d3cd413631b1ae104d3096f24fdfde1b4aa2
  languageName: node
  linkType: hard

"utils-merge@npm:1.0.1":
  version: 1.0.1
  resolution: "utils-merge@npm:1.0.1"
  checksum: c81095493225ecfc28add49c106ca4f09cdf56bc66731aa8dabc2edbbccb1e1bfe2de6a115e5c6a380d3ea166d1636410b62ef216bb07b3feb1cfde1d95d5080
  languageName: node
  linkType: hard

"vary@npm:~1.1.2":
  version: 1.1.2
  resolution: "vary@npm:1.1.2"
  checksum: ae0123222c6df65b437669d63dfa8c36cee20a504101b2fcd97b8bf76f91259c17f9f2b4d70a1e3c6bbcee7f51b28392833adb6b2770b23b01abec84e369660b
  languageName: node
  linkType: hard
