# This file is generated by running "yarn install" inside your project.
# Manual changes might be lost - proceed with caution!

__metadata:
  version: 5
  cacheKey: 8

"ansi-styles@npm:^6.1.0":
  version: 6.1.0
  resolution: "ansi-styles@npm:6.1.0"
  checksum: 7a7f8528c07a9d20c3a92bccd2b6bc3bb4d26e5cb775c02826921477377bd495d615d61f710d56216344b6238d1d11ef2b0348e146c5b128715578bfb3217229
  languageName: node
  linkType: hard

"chalk@https://github.com/wapj/chalk":
  version: 5.0.0
  resolution: "chalk@https://github.com/wapj/chalk.git#commit=1eae5be2b9a0db207301bbba3591bd810755f15d"
  dependencies:
    ansi-styles: ^6.1.0
    supports-color: ^9.2.1
  checksum: 5804e5429afca448fcb13fae0f953b92a8c505b31c82c4d92a740f9d36fd7d83bbbf5633b7619b6fa1e8537015fadbdbc1df6885428b5733372881537ef792fd
  languageName: node
  linkType: hard

"supports-color@npm:^9.2.1":
  version: 9.2.1
  resolution: "supports-color@npm:9.2.1"
  checksum: 8a2bfeb64c1512d21a1a998c1f64acdaa85cf1f6a101627286548f19785524b329d7b28d567a28fc2d708fc7aba32f4c82a9b224f76b30a337a39d3e53418ff7
  languageName: node
  linkType: hard

"test-yarn@workspace:.":
  version: 0.0.0-use.local
  resolution: "test-yarn@workspace:."
  dependencies:
    chalk: "https://github.com/wapj/chalk"
  languageName: unknown
  linkType: soft
