{
  "name": "sample-test",
  "lockfileVersion": 2,
  "requires": true,
  "packages": {
    "": {
      "dependencies": {
        "sample-package": "file:../sample-package"
      }
    },
    "../sample-package": {
      "version": "1.0.0",
      "license": "ISC"
    },
    "../sample-project": {
      "extraneous": true
    },
    "node_modules/sample-package": {
      "resolved": "../sample-package",
      "link": true
    }
  },
  "dependencies": {
    "sample-package": {
      "version": "file:../sample-package"
    }
  }
}
