{
  "name": "npm-test",
  "lockfileVersion": 2,
  "requires": true,
  "packages": {
    "": {
      "dependencies": {
        "lodash": "github:lodash/lodash#4.17.21"
      }
    },
    "node_modules/lodash": {
      "version": "4.17.21",
      "resolved": "git+ssh://git@github.com/lodash/lodash.git#f299b52f39486275a9e6483b60a410e06520c538",
      "license": "MIT",
      "engines": {
        "node": ">=4.0.0"
      }
    }
  },
  "dependencies": {
    "lodash": {
      "version": "git+ssh://git@github.com/lodash/lodash.git#f299b52f39486275a9e6483b60a410e06520c538",
      "from": "lodash@https://github.com/lodash/lodash#4.17.21"
    }
  }
}
